
Microsoft Visual Studio Solution File, Format Version 12.00
# Visual Studio 15
VisualStudioVersion = 15.0.26730.16
MinimumVisualStudioVersion = 10.0.40219.1
Project("{FAE04EC0-301F-11D3-BF4B-00C04F79EFBC}") = "WSPhoto.Android", "WSPhoto\WSPhoto.Android\WSPhoto.Android.csproj", "{70F85FCE-F228-400E-87F1-B421A884E011}"
EndProject
Project("{FAE04EC0-301F-11D3-BF4B-00C04F79EFBC}") = "WSPhoto", "WSPhoto\WSPhoto\WSPhoto.csproj", "{766BC50F-6BCE-4E03-8640-0668A87DF421}"
EndProject
Project("{FAE04EC0-301F-11D3-BF4B-00C04F79EFBC}") = "WSPhoto.UWP", "WSPhoto\WSPhoto.UWP\WSPhoto.UWP.csproj", "{B990FAA1-ECA7-4EFB-ABA3-C19B6C848289}"
EndProject
Project("{FAE04EC0-301F-11D3-BF4B-00C04F79EFBC}") = "WSPhoto.iOS", "WSPhoto\WSPhoto.iOS\WSPhoto.iOS.csproj", "{38FBD466-88A0-485F-98AF-9B0957011A46}"
EndProject
Global
	GlobalSection(SolutionConfigurationPlatforms) = preSolution
		Ad-Hoc|Any CPU = Ad-Hoc|Any CPU
		Ad-Hoc|ARM = Ad-Hoc|ARM
		Ad-Hoc|iPhone = Ad-Hoc|iPhone
		Ad-Hoc|iPhoneSimulator = Ad-Hoc|iPhoneSimulator
		Ad-Hoc|x64 = Ad-Hoc|x64
		Ad-Hoc|x86 = Ad-Hoc|x86
		AppStore|Any CPU = AppStore|Any CPU
		AppStore|ARM = AppStore|ARM
		AppStore|iPhone = AppStore|iPhone
		AppStore|iPhoneSimulator = AppStore|iPhoneSimulator
		AppStore|x64 = AppStore|x64
		AppStore|x86 = AppStore|x86
		Debug|Any CPU = Debug|Any CPU
		Debug|ARM = Debug|ARM
		Debug|iPhone = Debug|iPhone
		Debug|iPhoneSimulator = Debug|iPhoneSimulator
		Debug|x64 = Debug|x64
		Debug|x86 = Debug|x86
		Release|Any CPU = Release|Any CPU
		Release|ARM = Release|ARM
		Release|iPhone = Release|iPhone
		Release|iPhoneSimulator = Release|iPhoneSimulator
		Release|x64 = Release|x64
		Release|x86 = Release|x86
	EndGlobalSection
	GlobalSection(ProjectConfigurationPlatforms) = postSolution
		{70F85FCE-F228-400E-87F1-B421A884E011}.Ad-Hoc|Any CPU.ActiveCfg = Release|Any CPU
		{70F85FCE-F228-400E-87F1-B421A884E011}.Ad-Hoc|Any CPU.Build.0 = Release|Any CPU
		{70F85FCE-F228-400E-87F1-B421A884E011}.Ad-Hoc|Any CPU.Deploy.0 = Release|Any CPU
		{70F85FCE-F228-400E-87F1-B421A884E011}.Ad-Hoc|ARM.ActiveCfg = Release|Any CPU
		{70F85FCE-F228-400E-87F1-B421A884E011}.Ad-Hoc|ARM.Build.0 = Release|Any CPU
		{70F85FCE-F228-400E-87F1-B421A884E011}.Ad-Hoc|ARM.Deploy.0 = Release|Any CPU
		{70F85FCE-F228-400E-87F1-B421A884E011}.Ad-Hoc|iPhone.ActiveCfg = Release|Any CPU
		{70F85FCE-F228-400E-87F1-B421A884E011}.Ad-Hoc|iPhone.Build.0 = Release|Any CPU
		{70F85FCE-F228-400E-87F1-B421A884E011}.Ad-Hoc|iPhone.Deploy.0 = Release|Any CPU
		{70F85FCE-F228-400E-87F1-B421A884E011}.Ad-Hoc|iPhoneSimulator.ActiveCfg = Release|Any CPU
		{70F85FCE-F228-400E-87F1-B421A884E011}.Ad-Hoc|iPhoneSimulator.Build.0 = Release|Any CPU
		{70F85FCE-F228-400E-87F1-B421A884E011}.Ad-Hoc|iPhoneSimulator.Deploy.0 = Release|Any CPU
		{70F85FCE-F228-400E-87F1-B421A884E011}.Ad-Hoc|x64.ActiveCfg = Release|Any CPU
		{70F85FCE-F228-400E-87F1-B421A884E011}.Ad-Hoc|x64.Build.0 = Release|Any CPU
		{70F85FCE-F228-400E-87F1-B421A884E011}.Ad-Hoc|x64.Deploy.0 = Release|Any CPU
		{70F85FCE-F228-400E-87F1-B421A884E011}.Ad-Hoc|x86.ActiveCfg = Release|Any CPU
		{70F85FCE-F228-400E-87F1-B421A884E011}.Ad-Hoc|x86.Build.0 = Release|Any CPU
		{70F85FCE-F228-400E-87F1-B421A884E011}.Ad-Hoc|x86.Deploy.0 = Release|Any CPU
		{70F85FCE-F228-400E-87F1-B421A884E011}.AppStore|Any CPU.ActiveCfg = Release|Any CPU
		{70F85FCE-F228-400E-87F1-B421A884E011}.AppStore|Any CPU.Build.0 = Release|Any CPU
		{70F85FCE-F228-400E-87F1-B421A884E011}.AppStore|Any CPU.Deploy.0 = Release|Any CPU
		{70F85FCE-F228-400E-87F1-B421A884E011}.AppStore|ARM.ActiveCfg = Release|Any CPU
		{70F85FCE-F228-400E-87F1-B421A884E011}.AppStore|ARM.Build.0 = Release|Any CPU
		{70F85FCE-F228-400E-87F1-B421A884E011}.AppStore|ARM.Deploy.0 = Release|Any CPU
		{70F85FCE-F228-400E-87F1-B421A884E011}.AppStore|iPhone.ActiveCfg = Release|Any CPU
		{70F85FCE-F228-400E-87F1-B421A884E011}.AppStore|iPhone.Build.0 = Release|Any CPU
		{70F85FCE-F228-400E-87F1-B421A884E011}.AppStore|iPhone.Deploy.0 = Release|Any CPU
		{70F85FCE-F228-400E-87F1-B421A884E011}.AppStore|iPhoneSimulator.ActiveCfg = Release|Any CPU
		{70F85FCE-F228-400E-87F1-B421A884E011}.AppStore|iPhoneSimulator.Build.0 = Release|Any CPU
		{70F85FCE-F228-400E-87F1-B421A884E011}.AppStore|iPhoneSimulator.Deploy.0 = Release|Any CPU
		{70F85FCE-F228-400E-87F1-B421A884E011}.AppStore|x64.ActiveCfg = Release|Any CPU
		{70F85FCE-F228-400E-87F1-B421A884E011}.AppStore|x64.Build.0 = Release|Any CPU
		{70F85FCE-F228-400E-87F1-B421A884E011}.AppStore|x64.Deploy.0 = Release|Any CPU
		{70F85FCE-F228-400E-87F1-B421A884E011}.AppStore|x86.ActiveCfg = Release|Any CPU
		{70F85FCE-F228-400E-87F1-B421A884E011}.AppStore|x86.Build.0 = Release|Any CPU
		{70F85FCE-F228-400E-87F1-B421A884E011}.AppStore|x86.Deploy.0 = Release|Any CPU
		{70F85FCE-F228-400E-87F1-B421A884E011}.Debug|Any CPU.ActiveCfg = Debug|Any CPU
		{70F85FCE-F228-400E-87F1-B421A884E011}.Debug|Any CPU.Build.0 = Debug|Any CPU
		{70F85FCE-F228-400E-87F1-B421A884E011}.Debug|Any CPU.Deploy.0 = Debug|Any CPU
		{70F85FCE-F228-400E-87F1-B421A884E011}.Debug|ARM.ActiveCfg = Debug|Any CPU
		{70F85FCE-F228-400E-87F1-B421A884E011}.Debug|ARM.Build.0 = Debug|Any CPU
		{70F85FCE-F228-400E-87F1-B421A884E011}.Debug|ARM.Deploy.0 = Debug|Any CPU
		{70F85FCE-F228-400E-87F1-B421A884E011}.Debug|iPhone.ActiveCfg = Debug|Any CPU
		{70F85FCE-F228-400E-87F1-B421A884E011}.Debug|iPhone.Build.0 = Debug|Any CPU
		{70F85FCE-F228-400E-87F1-B421A884E011}.Debug|iPhone.Deploy.0 = Debug|Any CPU
		{70F85FCE-F228-400E-87F1-B421A884E011}.Debug|iPhoneSimulator.ActiveCfg = Debug|Any CPU
		{70F85FCE-F228-400E-87F1-B421A884E011}.Debug|iPhoneSimulator.Build.0 = Debug|Any CPU
		{70F85FCE-F228-400E-87F1-B421A884E011}.Debug|iPhoneSimulator.Deploy.0 = Debug|Any CPU
		{70F85FCE-F228-400E-87F1-B421A884E011}.Debug|x64.ActiveCfg = Debug|Any CPU
		{70F85FCE-F228-400E-87F1-B421A884E011}.Debug|x64.Build.0 = Debug|Any CPU
		{70F85FCE-F228-400E-87F1-B421A884E011}.Debug|x64.Deploy.0 = Debug|Any CPU
		{70F85FCE-F228-400E-87F1-B421A884E011}.Debug|x86.ActiveCfg = Debug|Any CPU
		{70F85FCE-F228-400E-87F1-B421A884E011}.Debug|x86.Build.0 = Debug|Any CPU
		{70F85FCE-F228-400E-87F1-B421A884E011}.Debug|x86.Deploy.0 = Debug|Any CPU
		{70F85FCE-F228-400E-87F1-B421A884E011}.Release|Any CPU.ActiveCfg = Release|Any CPU
		{70F85FCE-F228-400E-87F1-B421A884E011}.Release|Any CPU.Build.0 = Release|Any CPU
		{70F85FCE-F228-400E-87F1-B421A884E011}.Release|Any CPU.Deploy.0 = Release|Any CPU
		{70F85FCE-F228-400E-87F1-B421A884E011}.Release|ARM.ActiveCfg = Release|Any CPU
		{70F85FCE-F228-400E-87F1-B421A884E011}.Release|ARM.Build.0 = Release|Any CPU
		{70F85FCE-F228-400E-87F1-B421A884E011}.Release|ARM.Deploy.0 = Release|Any CPU
		{70F85FCE-F228-400E-87F1-B421A884E011}.Release|iPhone.ActiveCfg = Release|Any CPU
		{70F85FCE-F228-400E-87F1-B421A884E011}.Release|iPhone.Build.0 = Release|Any CPU
		{70F85FCE-F228-400E-87F1-B421A884E011}.Release|iPhone.Deploy.0 = Release|Any CPU
		{70F85FCE-F228-400E-87F1-B421A884E011}.Release|iPhoneSimulator.ActiveCfg = Release|Any CPU
		{70F85FCE-F228-400E-87F1-B421A884E011}.Release|iPhoneSimulator.Build.0 = Release|Any CPU
		{70F85FCE-F228-400E-87F1-B421A884E011}.Release|iPhoneSimulator.Deploy.0 = Release|Any CPU
		{70F85FCE-F228-400E-87F1-B421A884E011}.Release|x64.ActiveCfg = Release|Any CPU
		{70F85FCE-F228-400E-87F1-B421A884E011}.Release|x64.Build.0 = Release|Any CPU
		{70F85FCE-F228-400E-87F1-B421A884E011}.Release|x64.Deploy.0 = Release|Any CPU
		{70F85FCE-F228-400E-87F1-B421A884E011}.Release|x86.ActiveCfg = Release|Any CPU
		{70F85FCE-F228-400E-87F1-B421A884E011}.Release|x86.Build.0 = Release|Any CPU
		{70F85FCE-F228-400E-87F1-B421A884E011}.Release|x86.Deploy.0 = Release|Any CPU
		{766BC50F-6BCE-4E03-8640-0668A87DF421}.Ad-Hoc|Any CPU.ActiveCfg = Release|Any CPU
		{766BC50F-6BCE-4E03-8640-0668A87DF421}.Ad-Hoc|Any CPU.Build.0 = Release|Any CPU
		{766BC50F-6BCE-4E03-8640-0668A87DF421}.Ad-Hoc|ARM.ActiveCfg = Release|Any CPU
		{766BC50F-6BCE-4E03-8640-0668A87DF421}.Ad-Hoc|ARM.Build.0 = Release|Any CPU
		{766BC50F-6BCE-4E03-8640-0668A87DF421}.Ad-Hoc|iPhone.ActiveCfg = Release|Any CPU
		{766BC50F-6BCE-4E03-8640-0668A87DF421}.Ad-Hoc|iPhone.Build.0 = Release|Any CPU
		{766BC50F-6BCE-4E03-8640-0668A87DF421}.Ad-Hoc|iPhoneSimulator.ActiveCfg = Release|Any CPU
		{766BC50F-6BCE-4E03-8640-0668A87DF421}.Ad-Hoc|iPhoneSimulator.Build.0 = Release|Any CPU
		{766BC50F-6BCE-4E03-8640-0668A87DF421}.Ad-Hoc|x64.ActiveCfg = Release|Any CPU
		{766BC50F-6BCE-4E03-8640-0668A87DF421}.Ad-Hoc|x64.Build.0 = Release|Any CPU
		{766BC50F-6BCE-4E03-8640-0668A87DF421}.Ad-Hoc|x86.ActiveCfg = Release|Any CPU
		{766BC50F-6BCE-4E03-8640-0668A87DF421}.Ad-Hoc|x86.Build.0 = Release|Any CPU
		{766BC50F-6BCE-4E03-8640-0668A87DF421}.AppStore|Any CPU.ActiveCfg = Release|Any CPU
		{766BC50F-6BCE-4E03-8640-0668A87DF421}.AppStore|Any CPU.Build.0 = Release|Any CPU
		{766BC50F-6BCE-4E03-8640-0668A87DF421}.AppStore|ARM.ActiveCfg = Release|Any CPU
		{766BC50F-6BCE-4E03-8640-0668A87DF421}.AppStore|ARM.Build.0 = Release|Any CPU
		{766BC50F-6BCE-4E03-8640-0668A87DF421}.AppStore|iPhone.ActiveCfg = Release|Any CPU
		{766BC50F-6BCE-4E03-8640-0668A87DF421}.AppStore|iPhone.Build.0 = Release|Any CPU
		{766BC50F-6BCE-4E03-8640-0668A87DF421}.AppStore|iPhoneSimulator.ActiveCfg = Release|Any CPU
		{766BC50F-6BCE-4E03-8640-0668A87DF421}.AppStore|iPhoneSimulator.Build.0 = Release|Any CPU
		{766BC50F-6BCE-4E03-8640-0668A87DF421}.AppStore|x64.ActiveCfg = Release|Any CPU
		{766BC50F-6BCE-4E03-8640-0668A87DF421}.AppStore|x64.Build.0 = Release|Any CPU
		{766BC50F-6BCE-4E03-8640-0668A87DF421}.AppStore|x86.ActiveCfg = Release|Any CPU
		{766BC50F-6BCE-4E03-8640-0668A87DF421}.AppStore|x86.Build.0 = Release|Any CPU
		{766BC50F-6BCE-4E03-8640-0668A87DF421}.Debug|Any CPU.ActiveCfg = Debug|Any CPU
		{766BC50F-6BCE-4E03-8640-0668A87DF421}.Debug|Any CPU.Build.0 = Debug|Any CPU
		{766BC50F-6BCE-4E03-8640-0668A87DF421}.Debug|ARM.ActiveCfg = Debug|Any CPU
		{766BC50F-6BCE-4E03-8640-0668A87DF421}.Debug|ARM.Build.0 = Debug|Any CPU
		{766BC50F-6BCE-4E03-8640-0668A87DF421}.Debug|iPhone.ActiveCfg = Debug|Any CPU
		{766BC50F-6BCE-4E03-8640-0668A87DF421}.Debug|iPhone.Build.0 = Debug|Any CPU
		{766BC50F-6BCE-4E03-8640-0668A87DF421}.Debug|iPhoneSimulator.ActiveCfg = Debug|Any CPU
		{766BC50F-6BCE-4E03-8640-0668A87DF421}.Debug|iPhoneSimulator.Build.0 = Debug|Any CPU
		{766BC50F-6BCE-4E03-8640-0668A87DF421}.Debug|x64.ActiveCfg = Debug|Any CPU
		{766BC50F-6BCE-4E03-8640-0668A87DF421}.Debug|x64.Build.0 = Debug|Any CPU
		{766BC50F-6BCE-4E03-8640-0668A87DF421}.Debug|x86.ActiveCfg = Debug|Any CPU
		{766BC50F-6BCE-4E03-8640-0668A87DF421}.Debug|x86.Build.0 = Debug|Any CPU
		{766BC50F-6BCE-4E03-8640-0668A87DF421}.Release|Any CPU.ActiveCfg = Release|Any CPU
		{766BC50F-6BCE-4E03-8640-0668A87DF421}.Release|Any CPU.Build.0 = Release|Any CPU
		{766BC50F-6BCE-4E03-8640-0668A87DF421}.Release|ARM.ActiveCfg = Release|Any CPU
		{766BC50F-6BCE-4E03-8640-0668A87DF421}.Release|ARM.Build.0 = Release|Any CPU
		{766BC50F-6BCE-4E03-8640-0668A87DF421}.Release|iPhone.ActiveCfg = Release|Any CPU
		{766BC50F-6BCE-4E03-8640-0668A87DF421}.Release|iPhone.Build.0 = Release|Any CPU
		{766BC50F-6BCE-4E03-8640-0668A87DF421}.Release|iPhoneSimulator.ActiveCfg = Release|Any CPU
		{766BC50F-6BCE-4E03-8640-0668A87DF421}.Release|iPhoneSimulator.Build.0 = Release|Any CPU
		{766BC50F-6BCE-4E03-8640-0668A87DF421}.Release|x64.ActiveCfg = Release|Any CPU
		{766BC50F-6BCE-4E03-8640-0668A87DF421}.Release|x64.Build.0 = Release|Any CPU
		{766BC50F-6BCE-4E03-8640-0668A87DF421}.Release|x86.ActiveCfg = Release|Any CPU
		{766BC50F-6BCE-4E03-8640-0668A87DF421}.Release|x86.Build.0 = Release|Any CPU
		{B990FAA1-ECA7-4EFB-ABA3-C19B6C848289}.Ad-Hoc|Any CPU.ActiveCfg = Release|x86
		{B990FAA1-ECA7-4EFB-ABA3-C19B6C848289}.Ad-Hoc|Any CPU.Build.0 = Release|x86
		{B990FAA1-ECA7-4EFB-ABA3-C19B6C848289}.Ad-Hoc|Any CPU.Deploy.0 = Release|x86
		{B990FAA1-ECA7-4EFB-ABA3-C19B6C848289}.Ad-Hoc|ARM.ActiveCfg = Release|ARM
		{B990FAA1-ECA7-4EFB-ABA3-C19B6C848289}.Ad-Hoc|ARM.Build.0 = Release|ARM
		{B990FAA1-ECA7-4EFB-ABA3-C19B6C848289}.Ad-Hoc|ARM.Deploy.0 = Release|ARM
		{B990FAA1-ECA7-4EFB-ABA3-C19B6C848289}.Ad-Hoc|iPhone.ActiveCfg = Release|x86
		{B990FAA1-ECA7-4EFB-ABA3-C19B6C848289}.Ad-Hoc|iPhone.Build.0 = Release|x86
		{B990FAA1-ECA7-4EFB-ABA3-C19B6C848289}.Ad-Hoc|iPhone.Deploy.0 = Release|x86
		{B990FAA1-ECA7-4EFB-ABA3-C19B6C848289}.Ad-Hoc|iPhoneSimulator.ActiveCfg = Release|x86
		{B990FAA1-ECA7-4EFB-ABA3-C19B6C848289}.Ad-Hoc|iPhoneSimulator.Build.0 = Release|x86
		{B990FAA1-ECA7-4EFB-ABA3-C19B6C848289}.Ad-Hoc|iPhoneSimulator.Deploy.0 = Release|x86
		{B990FAA1-ECA7-4EFB-ABA3-C19B6C848289}.Ad-Hoc|x64.ActiveCfg = Release|x64
		{B990FAA1-ECA7-4EFB-ABA3-C19B6C848289}.Ad-Hoc|x64.Build.0 = Release|x64
		{B990FAA1-ECA7-4EFB-ABA3-C19B6C848289}.Ad-Hoc|x64.Deploy.0 = Release|x64
		{B990FAA1-ECA7-4EFB-ABA3-C19B6C848289}.Ad-Hoc|x86.ActiveCfg = Release|x86
		{B990FAA1-ECA7-4EFB-ABA3-C19B6C848289}.Ad-Hoc|x86.Build.0 = Release|x86
		{B990FAA1-ECA7-4EFB-ABA3-C19B6C848289}.Ad-Hoc|x86.Deploy.0 = Release|x86
		{B990FAA1-ECA7-4EFB-ABA3-C19B6C848289}.AppStore|Any CPU.ActiveCfg = Release|x86
		{B990FAA1-ECA7-4EFB-ABA3-C19B6C848289}.AppStore|Any CPU.Build.0 = Release|x86
		{B990FAA1-ECA7-4EFB-ABA3-C19B6C848289}.AppStore|Any CPU.Deploy.0 = Release|x86
		{B990FAA1-ECA7-4EFB-ABA3-C19B6C848289}.AppStore|ARM.ActiveCfg = Release|ARM
		{B990FAA1-ECA7-4EFB-ABA3-C19B6C848289}.AppStore|ARM.Build.0 = Release|ARM
		{B990FAA1-ECA7-4EFB-ABA3-C19B6C848289}.AppStore|ARM.Deploy.0 = Release|ARM
		{B990FAA1-ECA7-4EFB-ABA3-C19B6C848289}.AppStore|iPhone.ActiveCfg = Release|x86
		{B990FAA1-ECA7-4EFB-ABA3-C19B6C848289}.AppStore|iPhone.Build.0 = Release|x86
		{B990FAA1-ECA7-4EFB-ABA3-C19B6C848289}.AppStore|iPhone.Deploy.0 = Release|x86
		{B990FAA1-ECA7-4EFB-ABA3-C19B6C848289}.AppStore|iPhoneSimulator.ActiveCfg = Release|x86
		{B990FAA1-ECA7-4EFB-ABA3-C19B6C848289}.AppStore|iPhoneSimulator.Build.0 = Release|x86
		{B990FAA1-ECA7-4EFB-ABA3-C19B6C848289}.AppStore|iPhoneSimulator.Deploy.0 = Release|x86
		{B990FAA1-ECA7-4EFB-ABA3-C19B6C848289}.AppStore|x64.ActiveCfg = Release|x64
		{B990FAA1-ECA7-4EFB-ABA3-C19B6C848289}.AppStore|x64.Build.0 = Release|x64
		{B990FAA1-ECA7-4EFB-ABA3-C19B6C848289}.AppStore|x64.Deploy.0 = Release|x64
		{B990FAA1-ECA7-4EFB-ABA3-C19B6C848289}.AppStore|x86.ActiveCfg = Release|x86
		{B990FAA1-ECA7-4EFB-ABA3-C19B6C848289}.AppStore|x86.Build.0 = Release|x86
		{B990FAA1-ECA7-4EFB-ABA3-C19B6C848289}.AppStore|x86.Deploy.0 = Release|x86
		{B990FAA1-ECA7-4EFB-ABA3-C19B6C848289}.Debug|Any CPU.ActiveCfg = Debug|x86
		{B990FAA1-ECA7-4EFB-ABA3-C19B6C848289}.Debug|ARM.ActiveCfg = Debug|ARM
		{B990FAA1-ECA7-4EFB-ABA3-C19B6C848289}.Debug|ARM.Build.0 = Debug|ARM
		{B990FAA1-ECA7-4EFB-ABA3-C19B6C848289}.Debug|ARM.Deploy.0 = Debug|ARM
		{B990FAA1-ECA7-4EFB-ABA3-C19B6C848289}.Debug|iPhone.ActiveCfg = Debug|x86
		{B990FAA1-ECA7-4EFB-ABA3-C19B6C848289}.Debug|iPhoneSimulator.ActiveCfg = Debug|x86
		{B990FAA1-ECA7-4EFB-ABA3-C19B6C848289}.Debug|x64.ActiveCfg = Debug|x64
		{B990FAA1-ECA7-4EFB-ABA3-C19B6C848289}.Debug|x64.Build.0 = Debug|x64
		{B990FAA1-ECA7-4EFB-ABA3-C19B6C848289}.Debug|x64.Deploy.0 = Debug|x64
		{B990FAA1-ECA7-4EFB-ABA3-C19B6C848289}.Debug|x86.ActiveCfg = Debug|x86
		{B990FAA1-ECA7-4EFB-ABA3-C19B6C848289}.Debug|x86.Build.0 = Debug|x86
		{B990FAA1-ECA7-4EFB-ABA3-C19B6C848289}.Debug|x86.Deploy.0 = Debug|x86
		{B990FAA1-ECA7-4EFB-ABA3-C19B6C848289}.Release|Any CPU.ActiveCfg = Release|x86
		{B990FAA1-ECA7-4EFB-ABA3-C19B6C848289}.Release|ARM.ActiveCfg = Release|ARM
		{B990FAA1-ECA7-4EFB-ABA3-C19B6C848289}.Release|ARM.Build.0 = Release|ARM
		{B990FAA1-ECA7-4EFB-ABA3-C19B6C848289}.Release|ARM.Deploy.0 = Release|ARM
		{B990FAA1-ECA7-4EFB-ABA3-C19B6C848289}.Release|iPhone.ActiveCfg = Release|x86
		{B990FAA1-ECA7-4EFB-ABA3-C19B6C848289}.Release|iPhoneSimulator.ActiveCfg = Release|x86
		{B990FAA1-ECA7-4EFB-ABA3-C19B6C848289}.Release|x64.ActiveCfg = Release|x64
		{B990FAA1-ECA7-4EFB-ABA3-C19B6C848289}.Release|x64.Build.0 = Release|x64
		{B990FAA1-ECA7-4EFB-ABA3-C19B6C848289}.Release|x64.Deploy.0 = Release|x64
		{B990FAA1-ECA7-4EFB-ABA3-C19B6C848289}.Release|x86.ActiveCfg = Release|x86
		{B990FAA1-ECA7-4EFB-ABA3-C19B6C848289}.Release|x86.Build.0 = Release|x86
		{B990FAA1-ECA7-4EFB-ABA3-C19B6C848289}.Release|x86.Deploy.0 = Release|x86
		{38FBD466-88A0-485F-98AF-9B0957011A46}.Ad-Hoc|Any CPU.ActiveCfg = Ad-Hoc|iPhone
		{38FBD466-88A0-485F-98AF-9B0957011A46}.Ad-Hoc|ARM.ActiveCfg = Ad-Hoc|iPhone
		{38FBD466-88A0-485F-98AF-9B0957011A46}.Ad-Hoc|iPhone.ActiveCfg = Ad-Hoc|iPhone
		{38FBD466-88A0-485F-98AF-9B0957011A46}.Ad-Hoc|iPhone.Build.0 = Ad-Hoc|iPhone
		{38FBD466-88A0-485F-98AF-9B0957011A46}.Ad-Hoc|iPhoneSimulator.ActiveCfg = Ad-Hoc|iPhoneSimulator
		{38FBD466-88A0-485F-98AF-9B0957011A46}.Ad-Hoc|iPhoneSimulator.Build.0 = Ad-Hoc|iPhoneSimulator
		{38FBD466-88A0-485F-98AF-9B0957011A46}.Ad-Hoc|x64.ActiveCfg = Ad-Hoc|iPhone
		{38FBD466-88A0-485F-98AF-9B0957011A46}.Ad-Hoc|x86.ActiveCfg = Ad-Hoc|iPhone
		{38FBD466-88A0-485F-98AF-9B0957011A46}.AppStore|Any CPU.ActiveCfg = AppStore|iPhone
		{38FBD466-88A0-485F-98AF-9B0957011A46}.AppStore|ARM.ActiveCfg = AppStore|iPhone
		{38FBD466-88A0-485F-98AF-9B0957011A46}.AppStore|iPhone.ActiveCfg = AppStore|iPhone
		{38FBD466-88A0-485F-98AF-9B0957011A46}.AppStore|iPhone.Build.0 = AppStore|iPhone
		{38FBD466-88A0-485F-98AF-9B0957011A46}.AppStore|iPhoneSimulator.ActiveCfg = AppStore|iPhoneSimulator
		{38FBD466-88A0-485F-98AF-9B0957011A46}.AppStore|iPhoneSimulator.Build.0 = AppStore|iPhoneSimulator
		{38FBD466-88A0-485F-98AF-9B0957011A46}.AppStore|x64.ActiveCfg = AppStore|iPhone
		{38FBD466-88A0-485F-98AF-9B0957011A46}.AppStore|x86.ActiveCfg = AppStore|iPhone
		{38FBD466-88A0-485F-98AF-9B0957011A46}.Debug|Any CPU.ActiveCfg = Debug|iPhone
		{38FBD466-88A0-485F-98AF-9B0957011A46}.Debug|ARM.ActiveCfg = Debug|iPhone
		{38FBD466-88A0-485F-98AF-9B0957011A46}.Debug|iPhone.ActiveCfg = Debug|iPhone
		{38FBD466-88A0-485F-98AF-9B0957011A46}.Debug|iPhone.Build.0 = Debug|iPhone
		{38FBD466-88A0-485F-98AF-9B0957011A46}.Debug|iPhoneSimulator.ActiveCfg = Debug|iPhoneSimulator
		{38FBD466-88A0-485F-98AF-9B0957011A46}.Debug|iPhoneSimulator.Build.0 = Debug|iPhoneSimulator
		{38FBD466-88A0-485F-98AF-9B0957011A46}.Debug|x64.ActiveCfg = Debug|iPhone
		{38FBD466-88A0-485F-98AF-9B0957011A46}.Debug|x86.ActiveCfg = Debug|iPhone
		{38FBD466-88A0-485F-98AF-9B0957011A46}.Release|Any CPU.ActiveCfg = Release|iPhone
		{38FBD466-88A0-485F-98AF-9B0957011A46}.Release|ARM.ActiveCfg = Release|iPhone
		{38FBD466-88A0-485F-98AF-9B0957011A46}.Release|iPhone.ActiveCfg = Release|iPhone
		{38FBD466-88A0-485F-98AF-9B0957011A46}.Release|iPhone.Build.0 = Release|iPhone
		{38FBD466-88A0-485F-98AF-9B0957011A46}.Release|iPhoneSimulator.ActiveCfg = Release|iPhoneSimulator
		{38FBD466-88A0-485F-98AF-9B0957011A46}.Release|iPhoneSimulator.Build.0 = Release|iPhoneSimulator
		{38FBD466-88A0-485F-98AF-9B0957011A46}.Release|x64.ActiveCfg = Release|iPhone
		{38FBD466-88A0-485F-98AF-9B0957011A46}.Release|x86.ActiveCfg = Release|iPhone
	EndGlobalSection
	GlobalSection(SolutionProperties) = preSolution
		HideSolutionNode = FALSE
	EndGlobalSection
	GlobalSection(ExtensibilityGlobals) = postSolution
		SolutionGuid = {C0A4C134-6B37-4CFB-8FF5-FB45F5FABA14}
	EndGlobalSection
EndGlobal
